{
    "_meta": {
        "hash": {
            "sha256": "994cf2567849c25dab2cfe61df6ffe97c442c965d1e8097919bd3964f2e00809"
        },
        "pipfile-spec": 6,
        "requires": {
            "python_version": "3.7"
        },
        "sources": [
            {
                "name": "pypi",
                "url": "https://pypi.python.org/simple",
                "verify_ssl": true
            }
        ]
    },
    "default": {
        "certifi": {
            "hashes": [
                "sha256:017c25db2a153ce562900032d5bc68e9f191e44e9a0f762f373977de9df1fbb3",
                "sha256:25b64c7da4cd7479594d035c08c2d809eb4aab3a26e5a990ea98cc450c320f1f"
            ],
            "version": "==2019.11.28"
        },
        "chardet": {
            "hashes": [
                "sha256:84ab92ed1c4d4f16916e05906b6b75a6c0fb5db821cc65e70cbd64a3e2a5eaae",
                "sha256:fc323ffcaeaed0e0a02bf4d117757b98aed530d9ed4531e3e15460124c106691"
            ],
            "version": "==3.0.4"
        },
        "cheetah3": {
            "hashes": [
                "sha256:009c61f7f29f259f5969ac5c737a6855bb7e181701b9e01401c1cf223a2ab6c7",
                "sha256:09e6d9356973ba53f7d1bfa2d997338d2a6a1c2b357a5045658ef4819ff560d2",
                "sha256:0e6c00fab9de2167a4a661c999f7e4ebf8801aa1066608bdba547cd556ad6e91",
                "sha256:0f3bc7cee6fcebce00f7b7b4ff0e745a1d02cc725beae41da0ca167fd7e1abc4",
                "sha256:16238d05861ac63d09f774b759fca20cb0582290f92a9f02182b06716c389520",
                "sha256:1ae32ba6198a6e611e57cf4ed45151ce36c8fc3c960633602b84cb8d62c98d33",
                "sha256:3231e1bd066531ed2de71c1289c55cacf2b323c0f4bc5c4515e77d88f27b56a9",
                "sha256:460e4948fc840e15abe44879a27d164f67f8ba0a98544fa2b9e85a9387826e86",
                "sha256:53769d3e588cb48dafc2ff158c89ca1a8d4917df242c40596c5eb0196a64b09e",
                "sha256:5c423980983b4c3098b1b813d65cf81ebc18c57a63366c810cb4198b768cc38c",
                "sha256:70100738bc6984abf7b9e56f6ae35158784595d1e173bf5823384ff49e90a2bc",
                "sha256:8d05e28c10f015e4298936ad99a385feb05df949fa3d6e2b2eaa8c65b5b2c38b",
                "sha256:8d74eefce434e3785002983c692705f80dee05a41d3af2f191d7da89c68694b3",
                "sha256:8daf6e4f84c6932ab10c4f4c931ef47857e14a8383a904dd6980b496071edf6e",
                "sha256:973ea6d100c4952ac7fd39472c2e0ca344aeed394a518bdaff8456fa664cdfcb",
                "sha256:a703ba906fd7afaa40a74093cde4828b756f2deddf6372ad51c9078994090680",
                "sha256:af97ab2d8ea6e33f54586900475f0cf4dd9951eca315c2f12391b4bfd65b135c",
                "sha256:b4319f2c4ce6d2f2216e818b17c7f78284ad6485770be4033e86e5e83e07c91c",
                "sha256:b5b7f0f11d845752947f390805c90982920f4eb9200c253b4ef151fcb5fce529",
                "sha256:caabb9c22961a3413ac85cd1e5525ec9ca80daeba6555f4f60802b6c256e252b",
                "sha256:cabe75409ea9b59693260f601571525ee6efdd64bb1564b75e1f47623f01d48f",
                "sha256:e22fe09b125912b718f709434a4510f50655f7837d298e39a276cdbc32ba8ea2",
                "sha256:e52f2c1a3f919435375bfc5e13fdfe84c24364eb178d68283e138e5a4939799c",
                "sha256:f3d100ff1a8150ee7199ccc752920c43d4ba15fefd0703c9b90eeca06f84ffd7"
            ],
            "index": "pypi",
            "version": "==3.2.4"
        },
        "idna": {
            "hashes": [
                "sha256:c357b3f628cf53ae2c4c05627ecc484553142ca23264e593d327bcde5e9c3407",
                "sha256:ea8b7f6188e6fa117537c3df7da9fc686d485087abf6ac197f9c46432f7e4a3c"
            ],
            "version": "==2.8"
        },
        "importlib-metadata": {
            "hashes": [
                "sha256:073a852570f92da5f744a3472af1b61e28e9f78ccf0c9117658dc32b15de7b45",
                "sha256:d95141fbfa7ef2ec65cfd945e2af7e5a6ddbd7c8d9a25e66ff3be8e3daf9f60f"
            ],
            "markers": "python_version < '3.8'",
            "version": "==1.3.0"
        },
        "keyring": {
            "hashes": [
                "sha256:a3f71fc0cf6b74e201e70532879ba1d15db25cb2c7407dce52fe52a6d5fc7b66",
                "sha256:fc9cadedae35b77141f670f84c10a657147d2e526348698c93dd77f039979729"
            ],
            "index": "pypi",
            "version": "==20.0.0"
        },
        "keyrings.alt": {
            "hashes": [
                "sha256:1cfd6525594169fa427aa2cfc72b1853a1af93c18cb1da663c3792e53916e1a9",
                "sha256:91328ac4229e70b1d0061d21bf61d36b031a6b4828f2682e38c741812f6eb23d"
            ],
            "index": "pypi",
            "version": "==3.4.0"
        },
        "markdown2": {
            "hashes": [
                "sha256:7ff88e00b396c02c8e1ecd8d176cfa418fb01fe81234dcea77803e7ce4f05dbe",
                "sha256:882d3607fc023cdea0ac2cd0e1147617fcb0361cb1133d3ff095417f995ff270"
            ],
            "index": "pypi",
            "version": "==2.3.8"
        },
        "more-itertools": {
            "hashes": [
                "sha256:b84b238cce0d9adad5ed87e745778d20a3f8487d0f0cb8b8a586816c7496458d",
                "sha256:c833ef592a0324bcc6a60e48440da07645063c453880c9477ceb22490aec1564"
            ],
            "version": "==8.0.2"
        },
        "praw": {
            "hashes": [
                "sha256:2e5c98e49fe60e5308255ed147b670d350f98281f84f582df30f87de727b6de2",
                "sha256:cb8f85541ad4c6b10214ef9639acccfb5fed7ffee977be169b85357d2d2ea6d9"
            ],
            "index": "pypi",
            "version": "==6.4.0"
        },
        "prawcore": {
            "hashes": [
                "sha256:25dd14bf121bc0ad2ffc78e2322d9a01a516017105a5596cc21bb1e9a928b40c",
                "sha256:ab5558efb438aa73fc66c4178bfc809194dea3ce2addf4dec873de7e2fd2824e"
            ],
            "version": "==1.0.1"
        },
        "pywin32-ctypes": {
            "hashes": [
                "sha256:24ffc3b341d457d48e8922352130cf2644024a4ff09762a2261fd34c36ee5942",
                "sha256:9dc2d991b3479cc2df15930958b674a48a227d5361d413827a4cfd0b5876fc98"
            ],
            "markers": "sys_platform == 'win32'",
            "version": "==0.2.0"
        },
        "requests": {
            "hashes": [
                "sha256:11e007a8a2aa0323f5a921e9e6a2d7e4e67d9877e85773fba9ba6419025cbeb4",
                "sha256:9cf5292fcd0f598c671cfc1e0d7d1a7f13bb8085e9a590f48c010551dc6c4b31"
            ],
            "version": "==2.22.0"
        },
        "six": {
            "hashes": [
                "sha256:1f1b7d42e254082a9db6279deae68afb421ceba6158efa6131de7b3003ee93fd",
                "sha256:30f610279e8b2578cab6db20741130331735c781b56053c59c4076da27f06b66"
            ],
            "version": "==1.13.0"
        },
        "update-checker": {
            "hashes": [
                "sha256:59cfad7f9a0ee99f95f1dfc60f55bf184937bcab46a7270341c2c33695572453",
                "sha256:70e39446fccf77b21192cf7a8214051fa93a636dc3b5c8b602b589d100a168b8"
            ],
            "version": "==0.16"
        },
        "urllib3": {
            "hashes": [
                "sha256:a8a318824cc77d1fd4b2bec2ded92646630d7fe8619497b142c84a9e6f5a7293",
                "sha256:f3c5fd51747d450d4dcf6f923c81f78f811aab8205fda64b0aba34a4e48b0745"
            ],
            "version": "==1.25.7"
        },
        "websocket-client": {
            "hashes": [
                "sha256:1151d5fb3a62dc129164292e1227655e4bbc5dd5340a5165dfae61128ec50aa9",
                "sha256:1fd5520878b68b84b5748bb30e592b10d0a91529d5383f74f4964e72b297fd3a"
            ],
            "version": "==0.56.0"
        },
        "zipp": {
            "hashes": [
                "sha256:3718b1cbcd963c7d4c5511a8240812904164b7f381b647143a89d3b98f9bcd8e",
                "sha256:f06903e9f1f43b12d371004b4ac7b06ab39a44adc747266928ae6debfa7b3335"
            ],
            "version": "==0.6.0"
        }
    },
    "develop": {}
}
